{
    "_readme": [
        "This file locks the dependencies of your project to a known state",
        "Read more about it at https://getcomposer.org/doc/01-basic-usage.md#installing-dependencies",
        "This file is @generated automatically"
    ],
    "content-hash": "8a87ca1faf19b0d512b7b5f7fe55a080",
    "packages": [
        {
            "name": "nuovatech/neon",
            "version": "dev-master",
            "source": {
                "type": "git",
                "url": "https://github.com/Nuovatechbr/neon.git",
                "reference": "e23f13a79acbf266d6f307dc02fc8e1f0889d42d"
            },
            "dist": {
                "type": "zip",
                "url": "https://api.github.com/repos/Nuovatechbr/neon/zipball/e23f13a79acbf266d6f307dc02fc8e1f0889d42d",
                "reference": "e23f13a79acbf266d6f307dc02fc8e1f0889d42d",
                "shasum": ""
            },
            "require": {
                "php": ">=7.4"
            },
            "default-branch": true,
            "type": "library",
            "autoload": {
                "psr-4": {
                    "Nuovatech\\Neon\\": "core/",
                    "Nuovatech\\Neon\\Sample\\": "app/"
                }
            },
            "notification-url": "https://packagist.org/downloads/",
            "license": [
                "GPL-3.0-or-later"
            ],
            "authors": [
                {
                    "name": "Eduardo Marinho",
                    "email": "nuovatech@outlook.com"
                }
            ],
            "description": "Framework PHP",
            "support": {
                "issues": "https://github.com/Nuovatechbr/neon/issues",
                "source": "https://github.com/Nuovatechbr/neon/tree/master"
            },
            "time": "2023-02-07T20:35:10+00:00"
        }
    ],
    "packages-dev": [],
    "aliases": [],
    "minimum-stability": "stable",
    "stability-flags": {
        "nuovatech/neon": 20
    },
    "prefer-stable": false,
    "prefer-lowest": false,
    "platform": [],
    "platform-dev": [],
    "plugin-api-version": "2.3.0"
}
